
Microsoft Visual Studio Solution File, Format Version 12.00
# Visual Studio Version 17
VisualStudioVersion = 17.6.33815.320
MinimumVisualStudioVersion = 10.0.40219.1
Project("{FAE04EC0-301F-11D3-BF4B-00C04F79EFBC}") = "Insertion Sort", "Insertion Sort.csproj", "{B4F4C90F-85B8-4AC0-83BA-2999951A2DA5}"
EndProject
Global
	GlobalSection(SolutionConfigurationPlatforms) = preSolution
		Debug|Any CPU = Debug|Any CPU
		Release|Any CPU = Release|Any CPU
	EndGlobalSection
	GlobalSection(ProjectConfigurationPlatforms) = postSolution
		{B4F4C90F-85B8-4AC0-83BA-2999951A2DA5}.Debug|Any CPU.ActiveCfg = Debug|Any CPU
		{B4F4C90F-85B8-4AC0-83BA-2999951A2DA5}.Debug|Any CPU.Build.0 = Debug|Any CPU
		{B4F4C90F-85B8-4AC0-83BA-2999951A2DA5}.Release|Any CPU.ActiveCfg = Release|Any CPU
		{B4F4C90F-85B8-4AC0-83BA-2999951A2DA5}.Release|Any CPU.Build.0 = Release|Any CPU
	EndGlobalSection
	GlobalSection(SolutionProperties) = preSolution
		HideSolutionNode = FALSE
	EndGlobalSection
	GlobalSection(ExtensibilityGlobals) = postSolution
		SolutionGuid = {57E5506C-785E-4E78-BE30-92A5F1EE6725}
	EndGlobalSection
EndGlobal
